// !$*UTF8*$!
{
	archiveVersion = 1;
	classes = {
	};
	objectVersion = 56;
	objects = {

/* Begin PBXBuildFile section */
		4F7ADEB72CD74C4800C9032A /* DetailsViewController.swift in Sources */ = {isa = PBXBuildFile; fileRef = 4F7ADEB52CD74C4800C9032A /* DetailsViewController.swift */; };
		4F7ADEB82CD74C4800C9032A /* DetailsViewController.xib in Resources */ = {isa = PBXBuildFile; fileRef = 4F7ADEB62CD74C4800C9032A /* DetailsViewController.xib */; };
		4F7ADEBC2CD7724300C9032A /* FavouriteViewController.swift in Sources */ = {isa = PBXBuildFile; fileRef = 4F7ADEBA2CD7724300C9032A /* FavouriteViewController.swift */; };
		4F7ADEBD2CD7724300C9032A /* FavouriteViewController.xib in Resources */ = {isa = PBXBuildFile; fileRef = 4F7ADEBB2CD7724300C9032A /* FavouriteViewController.xib */; };
		4F7ADEBF2CD78AFA00C9032A /* DetailsRepository.swift in Sources */ = {isa = PBXBuildFile; fileRef = 4F7ADEBE2CD78AFA00C9032A /* DetailsRepository.swift */; };
		4F7ADEC12CD78B2100C9032A /* CoreDataViewModel.swift in Sources */ = {isa = PBXBuildFile; fileRef = 4F7ADEC02CD78B2100C9032A /* CoreDataViewModel.swift */; };
		4FA1CDCB2CD62A6A0027A90D /* AppDelegate.swift in Sources */ = {isa = PBXBuildFile; fileRef = 4FA1CDCA2CD62A6A0027A90D /* AppDelegate.swift */; };
		4FA1CDCD2CD62A6A0027A90D /* SceneDelegate.swift in Sources */ = {isa = PBXBuildFile; fileRef = 4FA1CDCC2CD62A6A0027A90D /* SceneDelegate.swift */; };
		4FA1CDD52CD62A6A0027A90D /* NewsApp.xcdatamodeld in Sources */ = {isa = PBXBuildFile; fileRef = 4FA1CDD32CD62A6A0027A90D /* NewsApp.xcdatamodeld */; };
		4FA1CDD72CD62A6B0027A90D /* Assets.xcassets in Resources */ = {isa = PBXBuildFile; fileRef = 4FA1CDD62CD62A6B0027A90D /* Assets.xcassets */; };
		4FA1CDDA2CD62A6B0027A90D /* LaunchScreen.storyboard in Resources */ = {isa = PBXBuildFile; fileRef = 4FA1CDD82CD62A6B0027A90D /* LaunchScreen.storyboard */; };
		4FA1CDE52CD62A6B0027A90D /* NewsAppTests.swift in Sources */ = {isa = PBXBuildFile; fileRef = 4FA1CDE42CD62A6B0027A90D /* NewsAppTests.swift */; };
		4FA1CDEF2CD62A6B0027A90D /* NewsAppUITests.swift in Sources */ = {isa = PBXBuildFile; fileRef = 4FA1CDEE2CD62A6B0027A90D /* NewsAppUITests.swift */; };
		4FA1CDF12CD62A6B0027A90D /* NewsAppUITestsLaunchTests.swift in Sources */ = {isa = PBXBuildFile; fileRef = 4FA1CDF02CD62A6B0027A90D /* NewsAppUITestsLaunchTests.swift */; };
		4FA1CE082CD62E0B0027A90D /* HomeViewController.swift in Sources */ = {isa = PBXBuildFile; fileRef = 4FA1CE062CD62E0B0027A90D /* HomeViewController.swift */; };
		4FA1CE092CD62E0B0027A90D /* HomeViewController.xib in Resources */ = {isa = PBXBuildFile; fileRef = 4FA1CE072CD62E0B0027A90D /* HomeViewController.xib */; };
		4FA1CE102CD634440027A90D /* NetworkManager.swift in Sources */ = {isa = PBXBuildFile; fileRef = 4FA1CE0F2CD634440027A90D /* NetworkManager.swift */; };
		4FA1CE122CD637CA0027A90D /* Constants.swift in Sources */ = {isa = PBXBuildFile; fileRef = 4FA1CE112CD637CA0027A90D /* Constants.swift */; };
		4FA1CE142CD650190027A90D /* CoreDataManager.swift in Sources */ = {isa = PBXBuildFile; fileRef = 4FA1CE132CD650190027A90D /* CoreDataManager.swift */; };
		4FA1CE162CD650520027A90D /* Articles.swift in Sources */ = {isa = PBXBuildFile; fileRef = 4FA1CE152CD650520027A90D /* Articles.swift */; };
		4FA1CE192CD65FFA0027A90D /* ArticlesCollectionViewCell.swift in Sources */ = {isa = PBXBuildFile; fileRef = 4FA1CE172CD65FFA0027A90D /* ArticlesCollectionViewCell.swift */; };
		4FA1CE1A2CD65FFA0027A90D /* ArticlesCollectionViewCell.xib in Resources */ = {isa = PBXBuildFile; fileRef = 4FA1CE182CD65FFA0027A90D /* ArticlesCollectionViewCell.xib */; };
		4FA8FAF52CD6C8EB007F0317 /* HomeRepository.swift in Sources */ = {isa = PBXBuildFile; fileRef = 4FA8FAF42CD6C8EB007F0317 /* HomeRepository.swift */; };
		4FA8FAF72CD6CA60007F0317 /* HomeViewModel.swift in Sources */ = {isa = PBXBuildFile; fileRef = 4FA8FAF62CD6CA60007F0317 /* HomeViewModel.swift */; };
		4FA8FAF82CD6E819007F0317 /* Pods_NewsApp.framework in Frameworks */ = {isa = PBXBuildFile; fileRef = DDB12A35335D571697DC1830 /* Pods_NewsApp.framework */; };
		655F44B227B014DB5BB6DCF6 /* Pods_NewsApp_NewsAppUITests.framework in Frameworks */ = {isa = PBXBuildFile; fileRef = 5A527384FA4306F3B34D4EAC /* Pods_NewsApp_NewsAppUITests.framework */; };
		881992DBB7AD3976BCCA247E /* Pods_NewsAppTests.framework in Frameworks */ = {isa = PBXBuildFile; fileRef = 9D535F45B171C9124C48BBD4 /* Pods_NewsAppTests.framework */; };
/* End PBXBuildFile section */

/* Begin PBXContainerItemProxy section */
		4FA1CDE12CD62A6B0027A90D /* PBXContainerItemProxy */ = {
			isa = PBXContainerItemProxy;
			containerPortal = 4FA1CDBF2CD62A6A0027A90D /* Project object */;
			proxyType = 1;
			remoteGlobalIDString = 4FA1CDC62CD62A6A0027A90D;
			remoteInfo = NewsApp;
		};
		4FA1CDEB2CD62A6B0027A90D /* PBXContainerItemProxy */ = {
			isa = PBXContainerItemProxy;
			containerPortal = 4FA1CDBF2CD62A6A0027A90D /* Project object */;
			proxyType = 1;
			remoteGlobalIDString = 4FA1CDC62CD62A6A0027A90D;
			remoteInfo = NewsApp;
		};
/* End PBXContainerItemProxy section */

/* Begin PBXFileReference section */
		1745B8350B92A7C71C8B0591 /* Pods-NewsApp.release.xcconfig */ = {isa = PBXFileReference; includeInIndex = 1; lastKnownFileType = text.xcconfig; name = "Pods-NewsApp.release.xcconfig"; path = "Target Support Files/Pods-NewsApp/Pods-NewsApp.release.xcconfig"; sourceTree = "<group>"; };
		45288905695AB6C3BA3C915F /* Pods-NewsApp-NewsAppUITests.release.xcconfig */ = {isa = PBXFileReference; includeInIndex = 1; lastKnownFileType = text.xcconfig; name = "Pods-NewsApp-NewsAppUITests.release.xcconfig"; path = "Target Support Files/Pods-NewsApp-NewsAppUITests/Pods-NewsApp-NewsAppUITests.release.xcconfig"; sourceTree = "<group>"; };
		4F7ADEB52CD74C4800C9032A /* DetailsViewController.swift */ = {isa = PBXFileReference; lastKnownFileType = sourcecode.swift; path = DetailsViewController.swift; sourceTree = "<group>"; };
		4F7ADEB62CD74C4800C9032A /* DetailsViewController.xib */ = {isa = PBXFileReference; lastKnownFileType = file.xib; path = DetailsViewController.xib; sourceTree = "<group>"; };
		4F7ADEBA2CD7724300C9032A /* FavouriteViewController.swift */ = {isa = PBXFileReference; lastKnownFileType = sourcecode.swift; path = FavouriteViewController.swift; sourceTree = "<group>"; };
		4F7ADEBB2CD7724300C9032A /* FavouriteViewController.xib */ = {isa = PBXFileReference; lastKnownFileType = file.xib; path = FavouriteViewController.xib; sourceTree = "<group>"; };
		4F7ADEBE2CD78AFA00C9032A /* DetailsRepository.swift */ = {isa = PBXFileReference; lastKnownFileType = sourcecode.swift; path = DetailsRepository.swift; sourceTree = "<group>"; };
		4F7ADEC02CD78B2100C9032A /* CoreDataViewModel.swift */ = {isa = PBXFileReference; lastKnownFileType = sourcecode.swift; path = CoreDataViewModel.swift; sourceTree = "<group>"; };
		4FA1CDC72CD62A6A0027A90D /* NewsApp.app */ = {isa = PBXFileReference; explicitFileType = wrapper.application; includeInIndex = 0; path = NewsApp.app; sourceTree = BUILT_PRODUCTS_DIR; };
		4FA1CDCA2CD62A6A0027A90D /* AppDelegate.swift */ = {isa = PBXFileReference; lastKnownFileType = sourcecode.swift; path = AppDelegate.swift; sourceTree = "<group>"; };
		4FA1CDCC2CD62A6A0027A90D /* SceneDelegate.swift */ = {isa = PBXFileReference; lastKnownFileType = sourcecode.swift; path = SceneDelegate.swift; sourceTree = "<group>"; };
		4FA1CDD42CD62A6A0027A90D /* NewsApp.xcdatamodel */ = {isa = PBXFileReference; lastKnownFileType = wrapper.xcdatamodel; path = NewsApp.xcdatamodel; sourceTree = "<group>"; };
		4FA1CDD62CD62A6B0027A90D /* Assets.xcassets */ = {isa = PBXFileReference; lastKnownFileType = folder.assetcatalog; path = Assets.xcassets; sourceTree = "<group>"; };
		4FA1CDD92CD62A6B0027A90D /* Base */ = {isa = PBXFileReference; lastKnownFileType = file.storyboard; name = Base; path = Base.lproj/LaunchScreen.storyboard; sourceTree = "<group>"; };
		4FA1CDDB2CD62A6B0027A90D /* Info.plist */ = {isa = PBXFileReference; lastKnownFileType = text.plist.xml; path = Info.plist; sourceTree = "<group>"; };
		4FA1CDE02CD62A6B0027A90D /* NewsAppTests.xctest */ = {isa = PBXFileReference; explicitFileType = wrapper.cfbundle; includeInIndex = 0; path = NewsAppTests.xctest; sourceTree = BUILT_PRODUCTS_DIR; };
		4FA1CDE42CD62A6B0027A90D /* NewsAppTests.swift */ = {isa = PBXFileReference; lastKnownFileType = sourcecode.swift; path = NewsAppTests.swift; sourceTree = "<group>"; };
		4FA1CDEA2CD62A6B0027A90D /* NewsAppUITests.xctest */ = {isa = PBXFileReference; explicitFileType = wrapper.cfbundle; includeInIndex = 0; path = NewsAppUITests.xctest; sourceTree = BUILT_PRODUCTS_DIR; };
		4FA1CDEE2CD62A6B0027A90D /* NewsAppUITests.swift */ = {isa = PBXFileReference; lastKnownFileType = sourcecode.swift; path = NewsAppUITests.swift; sourceTree = "<group>"; };
		4FA1CDF02CD62A6B0027A90D /* NewsAppUITestsLaunchTests.swift */ = {isa = PBXFileReference; lastKnownFileType = sourcecode.swift; path = NewsAppUITestsLaunchTests.swift; sourceTree = "<group>"; };
		4FA1CE062CD62E0B0027A90D /* HomeViewController.swift */ = {isa = PBXFileReference; indentWidth = 2; lastKnownFileType = sourcecode.swift; path = HomeViewController.swift; sourceTree = "<group>"; tabWidth = 2; };
		4FA1CE072CD62E0B0027A90D /* HomeViewController.xib */ = {isa = PBXFileReference; lastKnownFileType = file.xib; path = HomeViewController.xib; sourceTree = "<group>"; };
		4FA1CE0F2CD634440027A90D /* NetworkManager.swift */ = {isa = PBXFileReference; indentWidth = 2; lastKnownFileType = sourcecode.swift; path = NetworkManager.swift; sourceTree = "<group>"; tabWidth = 2; };
		4FA1CE112CD637CA0027A90D /* Constants.swift */ = {isa = PBXFileReference; indentWidth = 2; lastKnownFileType = sourcecode.swift; path = Constants.swift; sourceTree = "<group>"; tabWidth = 2; };
		4FA1CE132CD650190027A90D /* CoreDataManager.swift */ = {isa = PBXFileReference; indentWidth = 2; lastKnownFileType = sourcecode.swift; path = CoreDataManager.swift; sourceTree = "<group>"; tabWidth = 2; };
		4FA1CE152CD650520027A90D /* Articles.swift */ = {isa = PBXFileReference; lastKnownFileType = sourcecode.swift; path = Articles.swift; sourceTree = "<group>"; };
		4FA1CE172CD65FFA0027A90D /* ArticlesCollectionViewCell.swift */ = {isa = PBXFileReference; lastKnownFileType = sourcecode.swift; path = ArticlesCollectionViewCell.swift; sourceTree = "<group>"; };
		4FA1CE182CD65FFA0027A90D /* ArticlesCollectionViewCell.xib */ = {isa = PBXFileReference; lastKnownFileType = file.xib; path = ArticlesCollectionViewCell.xib; sourceTree = "<group>"; };
		4FA8FAF42CD6C8EB007F0317 /* HomeRepository.swift */ = {isa = PBXFileReference; lastKnownFileType = sourcecode.swift; path = HomeRepository.swift; sourceTree = "<group>"; };
		4FA8FAF62CD6CA60007F0317 /* HomeViewModel.swift */ = {isa = PBXFileReference; lastKnownFileType = sourcecode.swift; path = HomeViewModel.swift; sourceTree = "<group>"; };
		5A527384FA4306F3B34D4EAC /* Pods_NewsApp_NewsAppUITests.framework */ = {isa = PBXFileReference; explicitFileType = wrapper.framework; includeInIndex = 0; path = Pods_NewsApp_NewsAppUITests.framework; sourceTree = BUILT_PRODUCTS_DIR; };
		9D535F45B171C9124C48BBD4 /* Pods_NewsAppTests.framework */ = {isa = PBXFileReference; explicitFileType = wrapper.framework; includeInIndex = 0; path = Pods_NewsAppTests.framework; sourceTree = BUILT_PRODUCTS_DIR; };
		BCDE49FE64B4A7696DDB081C /* Pods-NewsAppTests.debug.xcconfig */ = {isa = PBXFileReference; includeInIndex = 1; lastKnownFileType = text.xcconfig; name = "Pods-NewsAppTests.debug.xcconfig"; path = "Target Support Files/Pods-NewsAppTests/Pods-NewsAppTests.debug.xcconfig"; sourceTree = "<group>"; };
		C39FCC80EB326071E04BFC0E /* Pods-NewsApp-NewsAppUITests.debug.xcconfig */ = {isa = PBXFileReference; includeInIndex = 1; lastKnownFileType = text.xcconfig; name = "Pods-NewsApp-NewsAppUITests.debug.xcconfig"; path = "Target Support Files/Pods-NewsApp-NewsAppUITests/Pods-NewsApp-NewsAppUITests.debug.xcconfig"; sourceTree = "<group>"; };
		DDB12A35335D571697DC1830 /* Pods_NewsApp.framework */ = {isa = PBXFileReference; explicitFileType = wrapper.framework; includeInIndex = 0; path = Pods_NewsApp.framework; sourceTree = BUILT_PRODUCTS_DIR; };
		E408A3F95E0032AA76FBF41F /* Pods-NewsApp.debug.xcconfig */ = {isa = PBXFileReference; includeInIndex = 1; lastKnownFileType = text.xcconfig; name = "Pods-NewsApp.debug.xcconfig"; path = "Target Support Files/Pods-NewsApp/Pods-NewsApp.debug.xcconfig"; sourceTree = "<group>"; };
		E59F3D429A833F3D4EC6E479 /* Pods-NewsAppTests.release.xcconfig */ = {isa = PBXFileReference; includeInIndex = 1; lastKnownFileType = text.xcconfig; name = "Pods-NewsAppTests.release.xcconfig"; path = "Target Support Files/Pods-NewsAppTests/Pods-NewsAppTests.release.xcconfig"; sourceTree = "<group>"; };
/* End PBXFileReference section */

/* Begin PBXFrameworksBuildPhase section */
		4FA1CDC42CD62A6A0027A90D /* Frameworks */ = {
			isa = PBXFrameworksBuildPhase;
			buildActionMask = 2147483647;
			files = (
				4FA8FAF82CD6E819007F0317 /* Pods_NewsApp.framework in Frameworks */,
			);
			runOnlyForDeploymentPostprocessing = 0;
		};
		4FA1CDDD2CD62A6B0027A90D /* Frameworks */ = {
			isa = PBXFrameworksBuildPhase;
			buildActionMask = 2147483647;
			files = (
				881992DBB7AD3976BCCA247E /* Pods_NewsAppTests.framework in Frameworks */,
			);
			runOnlyForDeploymentPostprocessing = 0;
		};
		4FA1CDE72CD62A6B0027A90D /* Frameworks */ = {
			isa = PBXFrameworksBuildPhase;
			buildActionMask = 2147483647;
			files = (
				655F44B227B014DB5BB6DCF6 /* Pods_NewsApp_NewsAppUITests.framework in Frameworks */,
			);
			runOnlyForDeploymentPostprocessing = 0;
		};
/* End PBXFrameworksBuildPhase section */

/* Begin PBXGroup section */
		19DE27C83C705FF0BDBE98CB /* Pods */ = {
			isa = PBXGroup;
			children = (
				E408A3F95E0032AA76FBF41F /* Pods-NewsApp.debug.xcconfig */,
				1745B8350B92A7C71C8B0591 /* Pods-NewsApp.release.xcconfig */,
				C39FCC80EB326071E04BFC0E /* Pods-NewsApp-NewsAppUITests.debug.xcconfig */,
				45288905695AB6C3BA3C915F /* Pods-NewsApp-NewsAppUITests.release.xcconfig */,
				BCDE49FE64B4A7696DDB081C /* Pods-NewsAppTests.debug.xcconfig */,
				E59F3D429A833F3D4EC6E479 /* Pods-NewsAppTests.release.xcconfig */,
			);
			path = Pods;
			sourceTree = "<group>";
		};
		4F7ADEB42CD74BB100C9032A /* DetailsViewController */ = {
			isa = PBXGroup;
			children = (
				4F7ADEB52CD74C4800C9032A /* DetailsViewController.swift */,
				4F7ADEB62CD74C4800C9032A /* DetailsViewController.xib */,
			);
			name = DetailsViewController;
			sourceTree = "<group>";
		};
		4F7ADEB92CD771FC00C9032A /* FavouriteViewController */ = {
			isa = PBXGroup;
			children = (
				4F7ADEBA2CD7724300C9032A /* FavouriteViewController.swift */,
				4F7ADEBB2CD7724300C9032A /* FavouriteViewController.xib */,
			);
			name = FavouriteViewController;
			sourceTree = "<group>";
		};
		4FA1CDBE2CD62A6A0027A90D = {
			isa = PBXGroup;
			children = (
				4FA1CDC92CD62A6A0027A90D /* NewsApp */,
				4FA1CDE32CD62A6B0027A90D /* NewsAppTests */,
				4FA1CDED2CD62A6B0027A90D /* NewsAppUITests */,
				4FA1CDC82CD62A6A0027A90D /* Products */,
				19DE27C83C705FF0BDBE98CB /* Pods */,
				70022E8E27F2B2BF0FB2265C /* Frameworks */,
			);
			sourceTree = "<group>";
		};
		4FA1CDC82CD62A6A0027A90D /* Products */ = {
			isa = PBXGroup;
			children = (
				4FA1CDC72CD62A6A0027A90D /* NewsApp.app */,
				4FA1CDE02CD62A6B0027A90D /* NewsAppTests.xctest */,
				4FA1CDEA2CD62A6B0027A90D /* NewsAppUITests.xctest */,
			);
			name = Products;
			sourceTree = "<group>";
		};
		4FA1CDC92CD62A6A0027A90D /* NewsApp */ = {
			isa = PBXGroup;
			children = (
				4FA1CE042CD62C150027A90D /* Resources */,
				4FA1CDFE2CD62BA80027A90D /* Utilities */,
				4FA1CDFD2CD62B990027A90D /* Extentions */,
				4FA1CDFF2CD62BCF0027A90D /* NetworkManager */,
				4FA1CE002CD62BE00027A90D /* CoreDataManager */,
				4FA1CE032CD62C0C0027A90D /* Presentation */,
				4FA1CE022CD62C020027A90D /* Domain */,
				4FA1CE012CD62BFA0027A90D /* Data */,
				4FA1CDD32CD62A6A0027A90D /* NewsApp.xcdatamodeld */,
				4FA1CDDB2CD62A6B0027A90D /* Info.plist */,
			);
			path = NewsApp;
			sourceTree = "<group>";
		};
		4FA1CDE32CD62A6B0027A90D /* NewsAppTests */ = {
			isa = PBXGroup;
			children = (
				4FA1CDE42CD62A6B0027A90D /* NewsAppTests.swift */,
			);
			path = NewsAppTests;
			sourceTree = "<group>";
		};
		4FA1CDED2CD62A6B0027A90D /* NewsAppUITests */ = {
			isa = PBXGroup;
			children = (
				4FA1CDEE2CD62A6B0027A90D /* NewsAppUITests.swift */,
				4FA1CDF02CD62A6B0027A90D /* NewsAppUITestsLaunchTests.swift */,
			);
			path = NewsAppUITests;
			sourceTree = "<group>";
		};
		4FA1CDFD2CD62B990027A90D /* Extentions */ = {
			isa = PBXGroup;
			children = (
			);
			name = Extentions;
			sourceTree = "<group>";
		};
		4FA1CDFE2CD62BA80027A90D /* Utilities */ = {
			isa = PBXGroup;
			children = (
				4FA1CDCC2CD62A6A0027A90D /* SceneDelegate.swift */,
				4FA1CDCA2CD62A6A0027A90D /* AppDelegate.swift */,
			);
			name = Utilities;
			sourceTree = "<group>";
		};
		4FA1CDFF2CD62BCF0027A90D /* NetworkManager */ = {
			isa = PBXGroup;
			children = (
				4FA1CE0F2CD634440027A90D /* NetworkManager.swift */,
				4FA1CE112CD637CA0027A90D /* Constants.swift */,
			);
			name = NetworkManager;
			sourceTree = "<group>";
		};
		4FA1CE002CD62BE00027A90D /* CoreDataManager */ = {
			isa = PBXGroup;
			children = (
				4FA1CE132CD650190027A90D /* CoreDataManager.swift */,
			);
			name = CoreDataManager;
			sourceTree = "<group>";
		};
		4FA1CE012CD62BFA0027A90D /* Data */ = {
			isa = PBXGroup;
			children = (
				4FA1CE0E2CD62FDB0027A90D /* Repository  */,
			);
			name = Data;
			sourceTree = "<group>";
		};
		4FA1CE022CD62C020027A90D /* Domain */ = {
			isa = PBXGroup;
			children = (
				4FA1CE0D2CD62FCF0027A90D /* Model */,
			);
			name = Domain;
			sourceTree = "<group>";
		};
		4FA1CE032CD62C0C0027A90D /* Presentation */ = {
			isa = PBXGroup;
			children = (
				4FA1CE0A2CD62F9B0027A90D /* Views */,
				4FA1CE0B2CD62FA30027A90D /* ViewModels */,
			);
			name = Presentation;
			sourceTree = "<group>";
		};
		4FA1CE042CD62C150027A90D /* Resources */ = {
			isa = PBXGroup;
			children = (
				4FA1CDD82CD62A6B0027A90D /* LaunchScreen.storyboard */,
				4FA1CDD62CD62A6B0027A90D /* Assets.xcassets */,
			);
			name = Resources;
			sourceTree = "<group>";
		};
		4FA1CE052CD62DB10027A90D /* HomeViewController */ = {
			isa = PBXGroup;
			children = (
				4FA1CE062CD62E0B0027A90D /* HomeViewController.swift */,
				4FA1CE072CD62E0B0027A90D /* HomeViewController.xib */,
			);
			name = HomeViewController;
			sourceTree = "<group>";
		};
		4FA1CE0A2CD62F9B0027A90D /* Views */ = {
			isa = PBXGroup;
			children = (
				4FA1CE052CD62DB10027A90D /* HomeViewController */,
				4F7ADEB42CD74BB100C9032A /* DetailsViewController */,
				4F7ADEB92CD771FC00C9032A /* FavouriteViewController */,
				4FA1CE0C2CD62FB20027A90D /* ReusableCells */,
			);
			name = Views;
			sourceTree = "<group>";
		};
		4FA1CE0B2CD62FA30027A90D /* ViewModels */ = {
			isa = PBXGroup;
			children = (
				4FA8FAF62CD6CA60007F0317 /* HomeViewModel.swift */,
				4F7ADEC02CD78B2100C9032A /* CoreDataViewModel.swift */,
			);
			name = ViewModels;
			sourceTree = "<group>";
		};
		4FA1CE0C2CD62FB20027A90D /* ReusableCells */ = {
			isa = PBXGroup;
			children = (
				4FA1CE172CD65FFA0027A90D /* ArticlesCollectionViewCell.swift */,
				4FA1CE182CD65FFA0027A90D /* ArticlesCollectionViewCell.xib */,
			);
			name = ReusableCells;
			sourceTree = "<group>";
		};
		4FA1CE0D2CD62FCF0027A90D /* Model */ = {
			isa = PBXGroup;
			children = (
				4FA1CE152CD650520027A90D /* Articles.swift */,
			);
			name = Model;
			sourceTree = "<group>";
		};
		4FA1CE0E2CD62FDB0027A90D /* Repository  */ = {
			isa = PBXGroup;
			children = (
				4FA8FAF42CD6C8EB007F0317 /* HomeRepository.swift */,
				4F7ADEBE2CD78AFA00C9032A /* DetailsRepository.swift */,
			);
			name = "Repository ";
			sourceTree = "<group>";
		};
		70022E8E27F2B2BF0FB2265C /* Frameworks */ = {
			isa = PBXGroup;
			children = (
				DDB12A35335D571697DC1830 /* Pods_NewsApp.framework */,
				5A527384FA4306F3B34D4EAC /* Pods_NewsApp_NewsAppUITests.framework */,
				9D535F45B171C9124C48BBD4 /* Pods_NewsAppTests.framework */,
			);
			name = Frameworks;
			sourceTree = "<group>";
		};
/* End PBXGroup section */

/* Begin PBXNativeTarget section */
		4FA1CDC62CD62A6A0027A90D /* NewsApp */ = {
			isa = PBXNativeTarget;
			buildConfigurationList = 4FA1CDF42CD62A6B0027A90D /* Build configuration list for PBXNativeTarget "NewsApp" */;
			buildPhases = (
				A279D5550E99EED9FF493EFE /* [CP] Check Pods Manifest.lock */,
				4FA1CDC32CD62A6A0027A90D /* Sources */,
				4FA1CDC42CD62A6A0027A90D /* Frameworks */,
				4FA1CDC52CD62A6A0027A90D /* Resources */,
				CCB593B3428F07160D83E7F1 /* [CP] Embed Pods Frameworks */,
			);
			buildRules = (
			);
			dependencies = (
			);
			name = NewsApp;
			productName = NewsApp;
			productReference = 4FA1CDC72CD62A6A0027A90D /* NewsApp.app */;
			productType = "com.apple.product-type.application";
		};
		4FA1CDDF2CD62A6B0027A90D /* NewsAppTests */ = {
			isa = PBXNativeTarget;
			buildConfigurationList = 4FA1CDF72CD62A6B0027A90D /* Build configuration list for PBXNativeTarget "NewsAppTests" */;
			buildPhases = (
				0F07BA038494D62EE12D12EE /* [CP] Check Pods Manifest.lock */,
				4FA1CDDC2CD62A6B0027A90D /* Sources */,
				4FA1CDDD2CD62A6B0027A90D /* Frameworks */,
				4FA1CDDE2CD62A6B0027A90D /* Resources */,
			);
			buildRules = (
			);
			dependencies = (
				4FA1CDE22CD62A6B0027A90D /* PBXTargetDependency */,
			);
			name = NewsAppTests;
			productName = NewsAppTests;
			productReference = 4FA1CDE02CD62A6B0027A90D /* NewsAppTests.xctest */;
			productType = "com.apple.product-type.bundle.unit-test";
		};
		4FA1CDE92CD62A6B0027A90D /* NewsAppUITests */ = {
			isa = PBXNativeTarget;
			buildConfigurationList = 4FA1CDFA2CD62A6B0027A90D /* Build configuration list for PBXNativeTarget "NewsAppUITests" */;
			buildPhases = (
				851DA36E6EACF10FF34637D1 /* [CP] Check Pods Manifest.lock */,
				4FA1CDE62CD62A6B0027A90D /* Sources */,
				4FA1CDE72CD62A6B0027A90D /* Frameworks */,
				4FA1CDE82CD62A6B0027A90D /* Resources */,
				0CF5CFE5994276523A470C9A /* [CP] Embed Pods Frameworks */,
			);
			buildRules = (
			);
			dependencies = (
				4FA1CDEC2CD62A6B0027A90D /* PBXTargetDependency */,
			);
			name = NewsAppUITests;
			productName = NewsAppUITests;
			productReference = 4FA1CDEA2CD62A6B0027A90D /* NewsAppUITests.xctest */;
			productType = "com.apple.product-type.bundle.ui-testing";
		};
/* End PBXNativeTarget section */

/* Begin PBXProject section */
		4FA1CDBF2CD62A6A0027A90D /* Project object */ = {
			isa = PBXProject;
			attributes = {
				BuildIndependentTargetsInParallel = 1;
				LastSwiftUpdateCheck = 1520;
				LastUpgradeCheck = 1520;
				TargetAttributes = {
					4FA1CDC62CD62A6A0027A90D = {
						CreatedOnToolsVersion = 15.2;
					};
					4FA1CDDF2CD62A6B0027A90D = {
						CreatedOnToolsVersion = 15.2;
						TestTargetID = 4FA1CDC62CD62A6A0027A90D;
					};
					4FA1CDE92CD62A6B0027A90D = {
						CreatedOnToolsVersion = 15.2;
						TestTargetID = 4FA1CDC62CD62A6A0027A90D;
					};
				};
			};
			buildConfigurationList = 4FA1CDC22CD62A6A0027A90D /* Build configuration list for PBXProject "NewsApp" */;
			compatibilityVersion = "Xcode 14.0";
			developmentRegion = en;
			hasScannedForEncodings = 0;
			knownRegions = (
				en,
				Base,
			);
			mainGroup = 4FA1CDBE2CD62A6A0027A90D;
			productRefGroup = 4FA1CDC82CD62A6A0027A90D /* Products */;
			projectDirPath = "";
			projectRoot = "";
			targets = (
				4FA1CDC62CD62A6A0027A90D /* NewsApp */,
				4FA1CDDF2CD62A6B0027A90D /* NewsAppTests */,
				4FA1CDE92CD62A6B0027A90D /* NewsAppUITests */,
			);
		};
/* End PBXProject section */

/* Begin PBXResourcesBuildPhase section */
		4FA1CDC52CD62A6A0027A90D /* Resources */ = {
			isa = PBXResourcesBuildPhase;
			buildActionMask = 2147483647;
			files = (
				4F7ADEBD2CD7724300C9032A /* FavouriteViewController.xib in Resources */,
				4FA1CDDA2CD62A6B0027A90D /* LaunchScreen.storyboard in Resources */,
				4FA1CE1A2CD65FFA0027A90D /* ArticlesCollectionViewCell.xib in Resources */,
				4F7ADEB82CD74C4800C9032A /* DetailsViewController.xib in Resources */,
				4FA1CDD72CD62A6B0027A90D /* Assets.xcassets in Resources */,
				4FA1CE092CD62E0B0027A90D /* HomeViewController.xib in Resources */,
			);
			runOnlyForDeploymentPostprocessing = 0;
		};
		4FA1CDDE2CD62A6B0027A90D /* Resources */ = {
			isa = PBXResourcesBuildPhase;
			buildActionMask = 2147483647;
			files = (
			);
			runOnlyForDeploymentPostprocessing = 0;
		};
		4FA1CDE82CD62A6B0027A90D /* Resources */ = {
			isa = PBXResourcesBuildPhase;
			buildActionMask = 2147483647;
			files = (
			);
			runOnlyForDeploymentPostprocessing = 0;
		};
/* End PBXResourcesBuildPhase section */

/* Begin PBXShellScriptBuildPhase section */
		0CF5CFE5994276523A470C9A /* [CP] Embed Pods Frameworks */ = {
			isa = PBXShellScriptBuildPhase;
			buildActionMask = 2147483647;
			files = (
			);
			inputFileListPaths = (
				"${PODS_ROOT}/Target Support Files/Pods-NewsApp-NewsAppUITests/Pods-NewsApp-NewsAppUITests-frameworks-${CONFIGURATION}-input-files.xcfilelist",
			);
			name = "[CP] Embed Pods Frameworks";
			outputFileListPaths = (
				"${PODS_ROOT}/Target Support Files/Pods-NewsApp-NewsAppUITests/Pods-NewsApp-NewsAppUITests-frameworks-${CONFIGURATION}-output-files.xcfilelist",
			);
			runOnlyForDeploymentPostprocessing = 0;
			shellPath = /bin/sh;
			shellScript = "\"${PODS_ROOT}/Target Support Files/Pods-NewsApp-NewsAppUITests/Pods-NewsApp-NewsAppUITests-frameworks.sh\"\n";
			showEnvVarsInLog = 0;
		};
		0F07BA038494D62EE12D12EE /* [CP] Check Pods Manifest.lock */ = {
			isa = PBXShellScriptBuildPhase;
			buildActionMask = 2147483647;
			files = (
			);
			inputFileListPaths = (
			);
			inputPaths = (
				"${PODS_PODFILE_DIR_PATH}/Podfile.lock",
				"${PODS_ROOT}/Manifest.lock",
			);
			name = "[CP] Check Pods Manifest.lock";
			outputFileListPaths = (
			);
			outputPaths = (
				"$(DERIVED_FILE_DIR)/Pods-NewsAppTests-checkManifestLockResult.txt",
			);
			runOnlyForDeploymentPostprocessing = 0;
			shellPath = /bin/sh;
			shellScript = "diff \"${PODS_PODFILE_DIR_PATH}/Podfile.lock\" \"${PODS_ROOT}/Manifest.lock\" > /dev/null\nif [ $? != 0 ] ; then\n    # print error to STDERR\n    echo \"error: The sandbox is not in sync with the Podfile.lock. Run 'pod install' or update your CocoaPods installation.\" >&2\n    exit 1\nfi\n# This output is used by Xcode 'outputs' to avoid re-running this script phase.\necho \"SUCCESS\" > \"${SCRIPT_OUTPUT_FILE_0}\"\n";
			showEnvVarsInLog = 0;
		};
		851DA36E6EACF10FF34637D1 /* [CP] Check Pods Manifest.lock */ = {
			isa = PBXShellScriptBuildPhase;
			buildActionMask = 2147483647;
			files = (
			);
			inputFileListPaths = (
			);
			inputPaths = (
				"${PODS_PODFILE_DIR_PATH}/Podfile.lock",
				"${PODS_ROOT}/Manifest.lock",
			);
			name = "[CP] Check Pods Manifest.lock";
			outputFileListPaths = (
			);
			outputPaths = (
				"$(DERIVED_FILE_DIR)/Pods-NewsApp-NewsAppUITests-checkManifestLockResult.txt",
			);
			runOnlyForDeploymentPostprocessing = 0;
			shellPath = /bin/sh;
			shellScript = "diff \"${PODS_PODFILE_DIR_PATH}/Podfile.lock\" \"${PODS_ROOT}/Manifest.lock\" > /dev/null\nif [ $? != 0 ] ; then\n    # print error to STDERR\n    echo \"error: The sandbox is not in sync with the Podfile.lock. Run 'pod install' or update your CocoaPods installation.\" >&2\n    exit 1\nfi\n# This output is used by Xcode 'outputs' to avoid re-running this script phase.\necho \"SUCCESS\" > \"${SCRIPT_OUTPUT_FILE_0}\"\n";
			showEnvVarsInLog = 0;
		};
		A279D5550E99EED9FF493EFE /* [CP] Check Pods Manifest.lock */ = {
			isa = PBXShellScriptBuildPhase;
			buildActionMask = 2147483647;
			files = (
			);
			inputFileListPaths = (
			);
			inputPaths = (
				"${PODS_PODFILE_DIR_PATH}/Podfile.lock",
				"${PODS_ROOT}/Manifest.lock",
			);
			name = "[CP] Check Pods Manifest.lock";
			outputFileListPaths = (
			);
			outputPaths = (
				"$(DERIVED_FILE_DIR)/Pods-NewsApp-checkManifestLockResult.txt",
			);
			runOnlyForDeploymentPostprocessing = 0;
			shellPath = /bin/sh;
			shellScript = "diff \"${PODS_PODFILE_DIR_PATH}/Podfile.lock\" \"${PODS_ROOT}/Manifest.lock\" > /dev/null\nif [ $? != 0 ] ; then\n    # print error to STDERR\n    echo \"error: The sandbox is not in sync with the Podfile.lock. Run 'pod install' or update your CocoaPods installation.\" >&2\n    exit 1\nfi\n# This output is used by Xcode 'outputs' to avoid re-running this script phase.\necho \"SUCCESS\" > \"${SCRIPT_OUTPUT_FILE_0}\"\n";
			showEnvVarsInLog = 0;
		};
		CCB593B3428F07160D83E7F1 /* [CP] Embed Pods Frameworks */ = {
			isa = PBXShellScriptBuildPhase;
			buildActionMask = 2147483647;
			files = (
			);
			inputFileListPaths = (
				"${PODS_ROOT}/Target Support Files/Pods-NewsApp/Pods-NewsApp-frameworks-${CONFIGURATION}-input-files.xcfilelist",
			);
			name = "[CP] Embed Pods Frameworks";
			outputFileListPaths = (
				"${PODS_ROOT}/Target Support Files/Pods-NewsApp/Pods-NewsApp-frameworks-${CONFIGURATION}-output-files.xcfilelist",
			);
			runOnlyForDeploymentPostprocessing = 0;
			shellPath = /bin/sh;
			shellScript = "\"${PODS_ROOT}/Target Support Files/Pods-NewsApp/Pods-NewsApp-frameworks.sh\"\n";
			showEnvVarsInLog = 0;
		};
/* End PBXShellScriptBuildPhase section */

/* Begin PBXSourcesBuildPhase section */
		4FA1CDC32CD62A6A0027A90D /* Sources */ = {
			isa = PBXSourcesBuildPhase;
			buildActionMask = 2147483647;
			files = (
				4FA8FAF52CD6C8EB007F0317 /* HomeRepository.swift in Sources */,
				4FA8FAF72CD6CA60007F0317 /* HomeViewModel.swift in Sources */,
				4F7ADEBF2CD78AFA00C9032A /* DetailsRepository.swift in Sources */,
				4FA1CE162CD650520027A90D /* Articles.swift in Sources */,
				4FA1CDCB2CD62A6A0027A90D /* AppDelegate.swift in Sources */,
				4FA1CDD52CD62A6A0027A90D /* NewsApp.xcdatamodeld in Sources */,
				4FA1CE102CD634440027A90D /* NetworkManager.swift in Sources */,
				4FA1CDCD2CD62A6A0027A90D /* SceneDelegate.swift in Sources */,
				4FA1CE082CD62E0B0027A90D /* HomeViewController.swift in Sources */,
				4F7ADEBC2CD7724300C9032A /* FavouriteViewController.swift in Sources */,
				4F7ADEC12CD78B2100C9032A /* CoreDataViewModel.swift in Sources */,
				4FA1CE192CD65FFA0027A90D /* ArticlesCollectionViewCell.swift in Sources */,
				4FA1CE142CD650190027A90D /* CoreDataManager.swift in Sources */,
				4FA1CE122CD637CA0027A90D /* Constants.swift in Sources */,
				4F7ADEB72CD74C4800C9032A /* DetailsViewController.swift in Sources */,
			);
			runOnlyForDeploymentPostprocessing = 0;
		};
		4FA1CDDC2CD62A6B0027A90D /* Sources */ = {
			isa = PBXSourcesBuildPhase;
			buildActionMask = 2147483647;
			files = (
				4FA1CDE52CD62A6B0027A90D /* NewsAppTests.swift in Sources */,
			);
			runOnlyForDeploymentPostprocessing = 0;
		};
		4FA1CDE62CD62A6B0027A90D /* Sources */ = {
			isa = PBXSourcesBuildPhase;
			buildActionMask = 2147483647;
			files = (
				4FA1CDEF2CD62A6B0027A90D /* NewsAppUITests.swift in Sources */,
				4FA1CDF12CD62A6B0027A90D /* NewsAppUITestsLaunchTests.swift in Sources */,
			);
			runOnlyForDeploymentPostprocessing = 0;
		};
/* End PBXSourcesBuildPhase section */

/* Begin PBXTargetDependency section */
		4FA1CDE22CD62A6B0027A90D /* PBXTargetDependency */ = {
			isa = PBXTargetDependency;
			target = 4FA1CDC62CD62A6A0027A90D /* NewsApp */;
			targetProxy = 4FA1CDE12CD62A6B0027A90D /* PBXContainerItemProxy */;
		};
		4FA1CDEC2CD62A6B0027A90D /* PBXTargetDependency */ = {
			isa = PBXTargetDependency;
			target = 4FA1CDC62CD62A6A0027A90D /* NewsApp */;
			targetProxy = 4FA1CDEB2CD62A6B0027A90D /* PBXContainerItemProxy */;
		};
/* End PBXTargetDependency section */

/* Begin PBXVariantGroup section */
		4FA1CDD82CD62A6B0027A90D /* LaunchScreen.storyboard */ = {
			isa = PBXVariantGroup;
			children = (
				4FA1CDD92CD62A6B0027A90D /* Base */,
			);
			name = LaunchScreen.storyboard;
			sourceTree = "<group>";
		};
/* End PBXVariantGroup section */

/* Begin XCBuildConfiguration section */
		4FA1CDF22CD62A6B0027A90D /* Debug */ = {
			isa = XCBuildConfiguration;
			buildSettings = {
				ALWAYS_SEARCH_USER_PATHS = NO;
				ASSETCATALOG_COMPILER_GENERATE_SWIFT_ASSET_SYMBOL_EXTENSIONS = YES;
				CLANG_ANALYZER_NONNULL = YES;
				CLANG_ANALYZER_NUMBER_OBJECT_CONVERSION = YES_AGGRESSIVE;
				CLANG_CXX_LANGUAGE_STANDARD = "gnu++20";
				CLANG_ENABLE_MODULES = YES;
				CLANG_ENABLE_OBJC_ARC = YES;
				CLANG_ENABLE_OBJC_WEAK = YES;
				CLANG_WARN_BLOCK_CAPTURE_AUTORELEASING = YES;
				CLANG_WARN_BOOL_CONVERSION = YES;
				CLANG_WARN_COMMA = YES;
				CLANG_WARN_CONSTANT_CONVERSION = YES;
				CLANG_WARN_DEPRECATED_OBJC_IMPLEMENTATIONS = YES;
				CLANG_WARN_DIRECT_OBJC_ISA_USAGE = YES_ERROR;
				CLANG_WARN_DOCUMENTATION_COMMENTS = YES;
				CLANG_WARN_EMPTY_BODY = YES;
				CLANG_WARN_ENUM_CONVERSION = YES;
				CLANG_WARN_INFINITE_RECURSION = YES;
				CLANG_WARN_INT_CONVERSION = YES;
				CLANG_WARN_NON_LITERAL_NULL_CONVERSION = YES;
				CLANG_WARN_OBJC_IMPLICIT_RETAIN_SELF = YES;
				CLANG_WARN_OBJC_LITERAL_CONVERSION = YES;
				CLANG_WARN_OBJC_ROOT_CLASS = YES_ERROR;
				CLANG_WARN_QUOTED_INCLUDE_IN_FRAMEWORK_HEADER = YES;
				CLANG_WARN_RANGE_LOOP_ANALYSIS = YES;
				CLANG_WARN_STRICT_PROTOTYPES = YES;
				CLANG_WARN_SUSPICIOUS_MOVE = YES;
				CLANG_WARN_UNGUARDED_AVAILABILITY = YES_AGGRESSIVE;
				CLANG_WARN_UNREACHABLE_CODE = YES;
				CLANG_WARN__DUPLICATE_METHOD_MATCH = YES;
				COPY_PHASE_STRIP = NO;
				DEBUG_INFORMATION_FORMAT = dwarf;
				ENABLE_STRICT_OBJC_MSGSEND = YES;
				ENABLE_TESTABILITY = YES;
				ENABLE_USER_SCRIPT_SANDBOXING = NO;
				GCC_C_LANGUAGE_STANDARD = gnu17;
				GCC_DYNAMIC_NO_PIC = NO;
				GCC_NO_COMMON_BLOCKS = YES;
				GCC_OPTIMIZATION_LEVEL = 0;
				GCC_PREPROCESSOR_DEFINITIONS = (
					"DEBUG=1",
					"$(inherited)",
				);
				GCC_WARN_64_TO_32_BIT_CONVERSION = YES;
				GCC_WARN_ABOUT_RETURN_TYPE = YES_ERROR;
				GCC_WARN_UNDECLARED_SELECTOR = YES;
				GCC_WARN_UNINITIALIZED_AUTOS = YES_AGGRESSIVE;
				GCC_WARN_UNUSED_FUNCTION = YES;
				GCC_WARN_UNUSED_VARIABLE = YES;
				IPHONEOS_DEPLOYMENT_TARGET = 17.2;
				LOCALIZATION_PREFERS_STRING_CATALOGS = YES;
				MTL_ENABLE_DEBUG_INFO = INCLUDE_SOURCE;
				MTL_FAST_MATH = YES;
				ONLY_ACTIVE_ARCH = YES;
				SDKROOT = iphoneos;
				SWIFT_ACTIVE_COMPILATION_CONDITIONS = "DEBUG $(inherited)";
				SWIFT_OPTIMIZATION_LEVEL = "-Onone";
			};
			name = Debug;
		};
		4FA1CDF32CD62A6B0027A90D /* Release */ = {
			isa = XCBuildConfiguration;
			buildSettings = {
				ALWAYS_SEARCH_USER_PATHS = NO;
				ASSETCATALOG_COMPILER_GENERATE_SWIFT_ASSET_SYMBOL_EXTENSIONS = YES;
				CLANG_ANALYZER_NONNULL = YES;
				CLANG_ANALYZER_NUMBER_OBJECT_CONVERSION = YES_AGGRESSIVE;
				CLANG_CXX_LANGUAGE_STANDARD = "gnu++20";
				CLANG_ENABLE_MODULES = YES;
				CLANG_ENABLE_OBJC_ARC = YES;
				CLANG_ENABLE_OBJC_WEAK = YES;
				CLANG_WARN_BLOCK_CAPTURE_AUTORELEASING = YES;
				CLANG_WARN_BOOL_CONVERSION = YES;
				CLANG_WARN_COMMA = YES;
				CLANG_WARN_CONSTANT_CONVERSION = YES;
				CLANG_WARN_DEPRECATED_OBJC_IMPLEMENTATIONS = YES;
				CLANG_WARN_DIRECT_OBJC_ISA_USAGE = YES_ERROR;
				CLANG_WARN_DOCUMENTATION_COMMENTS = YES;
				CLANG_WARN_EMPTY_BODY = YES;
				CLANG_WARN_ENUM_CONVERSION = YES;
				CLANG_WARN_INFINITE_RECURSION = YES;
				CLANG_WARN_INT_CONVERSION = YES;
				CLANG_WARN_NON_LITERAL_NULL_CONVERSION = YES;
				CLANG_WARN_OBJC_IMPLICIT_RETAIN_SELF = YES;
				CLANG_WARN_OBJC_LITERAL_CONVERSION = YES;
				CLANG_WARN_OBJC_ROOT_CLASS = YES_ERROR;
				CLANG_WARN_QUOTED_INCLUDE_IN_FRAMEWORK_HEADER = YES;
				CLANG_WARN_RANGE_LOOP_ANALYSIS = YES;
				CLANG_WARN_STRICT_PROTOTYPES = YES;
				CLANG_WARN_SUSPICIOUS_MOVE = YES;
				CLANG_WARN_UNGUARDED_AVAILABILITY = YES_AGGRESSIVE;
				CLANG_WARN_UNREACHABLE_CODE = YES;
				CLANG_WARN__DUPLICATE_METHOD_MATCH = YES;
				COPY_PHASE_STRIP = NO;
				DEBUG_INFORMATION_FORMAT = "dwarf-with-dsym";
				ENABLE_NS_ASSERTIONS = NO;
				ENABLE_STRICT_OBJC_MSGSEND = YES;
				ENABLE_USER_SCRIPT_SANDBOXING = NO;
				GCC_C_LANGUAGE_STANDARD = gnu17;
				GCC_NO_COMMON_BLOCKS = YES;
				GCC_WARN_64_TO_32_BIT_CONVERSION = YES;
				GCC_WARN_ABOUT_RETURN_TYPE = YES_ERROR;
				GCC_WARN_UNDECLARED_SELECTOR = YES;
				GCC_WARN_UNINITIALIZED_AUTOS = YES_AGGRESSIVE;
				GCC_WARN_UNUSED_FUNCTION = YES;
				GCC_WARN_UNUSED_VARIABLE = YES;
				IPHONEOS_DEPLOYMENT_TARGET = 17.2;
				LOCALIZATION_PREFERS_STRING_CATALOGS = YES;
				MTL_ENABLE_DEBUG_INFO = NO;
				MTL_FAST_MATH = YES;
				SDKROOT = iphoneos;
				SWIFT_COMPILATION_MODE = wholemodule;
				VALIDATE_PRODUCT = YES;
			};
			name = Release;
		};
		4FA1CDF52CD62A6B0027A90D /* Debug */ = {
			isa = XCBuildConfiguration;
			baseConfigurationReference = E408A3F95E0032AA76FBF41F /* Pods-NewsApp.debug.xcconfig */;
			buildSettings = {
				ASSETCATALOG_COMPILER_APPICON_NAME = AppIcon;
				ASSETCATALOG_COMPILER_GLOBAL_ACCENT_COLOR_NAME = AccentColor;
				CODE_SIGN_STYLE = Automatic;
				CURRENT_PROJECT_VERSION = 1;
				GENERATE_INFOPLIST_FILE = YES;
				INFOPLIST_FILE = NewsApp/Info.plist;
				INFOPLIST_KEY_UIApplicationSupportsIndirectInputEvents = YES;
				INFOPLIST_KEY_UILaunchStoryboardName = LaunchScreen;
				INFOPLIST_KEY_UISupportedInterfaceOrientations_iPad = "UIInterfaceOrientationPortrait UIInterfaceOrientationPortraitUpsideDown UIInterfaceOrientationLandscapeLeft UIInterfaceOrientationLandscapeRight";
				INFOPLIST_KEY_UISupportedInterfaceOrientations_iPhone = "UIInterfaceOrientationPortrait UIInterfaceOrientationLandscapeLeft UIInterfaceOrientationLandscapeRight";
				LD_RUNPATH_SEARCH_PATHS = (
					"$(inherited)",
					"@executable_path/Frameworks",
				);
				MARKETING_VERSION = 1.0;
				PRODUCT_BUNDLE_IDENTIFIER = Fatma.NewsApp;
				PRODUCT_NAME = "$(TARGET_NAME)";
				SWIFT_EMIT_LOC_STRINGS = YES;
				SWIFT_VERSION = 5.0;
				TARGETED_DEVICE_FAMILY = "1,2";
			};
			name = Debug;
		};
		4FA1CDF62CD62A6B0027A90D /* Release */ = {
			isa = XCBuildConfiguration;
			baseConfigurationReference = 1745B8350B92A7C71C8B0591 /* Pods-NewsApp.release.xcconfig */;
			buildSettings = {
				ASSETCATALOG_COMPILER_APPICON_NAME = AppIcon;
				ASSETCATALOG_COMPILER_GLOBAL_ACCENT_COLOR_NAME = AccentColor;
				CODE_SIGN_STYLE = Automatic;
				CURRENT_PROJECT_VERSION = 1;
				GENERATE_INFOPLIST_FILE = YES;
				INFOPLIST_FILE = NewsApp/Info.plist;
				INFOPLIST_KEY_UIApplicationSupportsIndirectInputEvents = YES;
				INFOPLIST_KEY_UILaunchStoryboardName = LaunchScreen;
				INFOPLIST_KEY_UISupportedInterfaceOrientations_iPad = "UIInterfaceOrientationPortrait UIInterfaceOrientationPortraitUpsideDown UIInterfaceOrientationLandscapeLeft UIInterfaceOrientationLandscapeRight";
				INFOPLIST_KEY_UISupportedInterfaceOrientations_iPhone = "UIInterfaceOrientationPortrait UIInterfaceOrientationLandscapeLeft UIInterfaceOrientationLandscapeRight";
				LD_RUNPATH_SEARCH_PATHS = (
					"$(inherited)",
					"@executable_path/Frameworks",
				);
				MARKETING_VERSION = 1.0;
				PRODUCT_BUNDLE_IDENTIFIER = Fatma.NewsApp;
				PRODUCT_NAME = "$(TARGET_NAME)";
				SWIFT_EMIT_LOC_STRINGS = YES;
				SWIFT_VERSION = 5.0;
				TARGETED_DEVICE_FAMILY = "1,2";
			};
			name = Release;
		};
		4FA1CDF82CD62A6B0027A90D /* Debug */ = {
			isa = XCBuildConfiguration;
			baseConfigurationReference = BCDE49FE64B4A7696DDB081C /* Pods-NewsAppTests.debug.xcconfig */;
			buildSettings = {
				ALWAYS_EMBED_SWIFT_STANDARD_LIBRARIES = YES;
				BUNDLE_LOADER = "$(TEST_HOST)";
				CODE_SIGN_STYLE = Automatic;
				CURRENT_PROJECT_VERSION = 1;
				GENERATE_INFOPLIST_FILE = YES;
				IPHONEOS_DEPLOYMENT_TARGET = 17.2;
				MARKETING_VERSION = 1.0;
				PRODUCT_BUNDLE_IDENTIFIER = Fatma.NewsAppTests;
				PRODUCT_NAME = "$(TARGET_NAME)";
				SWIFT_EMIT_LOC_STRINGS = NO;
				SWIFT_VERSION = 5.0;
				TARGETED_DEVICE_FAMILY = "1,2";
				TEST_HOST = "$(BUILT_PRODUCTS_DIR)/NewsApp.app/$(BUNDLE_EXECUTABLE_FOLDER_PATH)/NewsApp";
			};
			name = Debug;
		};
		4FA1CDF92CD62A6B0027A90D /* Release */ = {
			isa = XCBuildConfiguration;
			baseConfigurationReference = E59F3D429A833F3D4EC6E479 /* Pods-NewsAppTests.release.xcconfig */;
			buildSettings = {
				ALWAYS_EMBED_SWIFT_STANDARD_LIBRARIES = YES;
				BUNDLE_LOADER = "$(TEST_HOST)";
				CODE_SIGN_STYLE = Automatic;
				CURRENT_PROJECT_VERSION = 1;
				GENERATE_INFOPLIST_FILE = YES;
				IPHONEOS_DEPLOYMENT_TARGET = 17.2;
				MARKETING_VERSION = 1.0;
				PRODUCT_BUNDLE_IDENTIFIER = Fatma.NewsAppTests;
				PRODUCT_NAME = "$(TARGET_NAME)";
				SWIFT_EMIT_LOC_STRINGS = NO;
				SWIFT_VERSION = 5.0;
				TARGETED_DEVICE_FAMILY = "1,2";
				TEST_HOST = "$(BUILT_PRODUCTS_DIR)/NewsApp.app/$(BUNDLE_EXECUTABLE_FOLDER_PATH)/NewsApp";
			};
			name = Release;
		};
		4FA1CDFB2CD62A6B0027A90D /* Debug */ = {
			isa = XCBuildConfiguration;
			baseConfigurationReference = C39FCC80EB326071E04BFC0E /* Pods-NewsApp-NewsAppUITests.debug.xcconfig */;
			buildSettings = {
				ALWAYS_EMBED_SWIFT_STANDARD_LIBRARIES = YES;
				CODE_SIGN_STYLE = Automatic;
				CURRENT_PROJECT_VERSION = 1;
				GENERATE_INFOPLIST_FILE = YES;
				MARKETING_VERSION = 1.0;
				PRODUCT_BUNDLE_IDENTIFIER = Fatma.NewsAppUITests;
				PRODUCT_NAME = "$(TARGET_NAME)";
				SWIFT_EMIT_LOC_STRINGS = NO;
				SWIFT_VERSION = 5.0;
				TARGETED_DEVICE_FAMILY = "1,2";
				TEST_TARGET_NAME = NewsApp;
			};
			name = Debug;
		};
		4FA1CDFC2CD62A6B0027A90D /* Release */ = {
			isa = XCBuildConfiguration;
			baseConfigurationReference = 45288905695AB6C3BA3C915F /* Pods-NewsApp-NewsAppUITests.release.xcconfig */;
			buildSettings = {
				ALWAYS_EMBED_SWIFT_STANDARD_LIBRARIES = YES;
				CODE_SIGN_STYLE = Automatic;
				CURRENT_PROJECT_VERSION = 1;
				GENERATE_INFOPLIST_FILE = YES;
				MARKETING_VERSION = 1.0;
				PRODUCT_BUNDLE_IDENTIFIER = Fatma.NewsAppUITests;
				PRODUCT_NAME = "$(TARGET_NAME)";
				SWIFT_EMIT_LOC_STRINGS = NO;
				SWIFT_VERSION = 5.0;
				TARGETED_DEVICE_FAMILY = "1,2";
				TEST_TARGET_NAME = NewsApp;
			};
			name = Release;
		};
/* End XCBuildConfiguration section */

/* Begin XCConfigurationList section */
		4FA1CDC22CD62A6A0027A90D /* Build configuration list for PBXProject "NewsApp" */ = {
			isa = XCConfigurationList;
			buildConfigurations = (
				4FA1CDF22CD62A6B0027A90D /* Debug */,
				4FA1CDF32CD62A6B0027A90D /* Release */,
			);
			defaultConfigurationIsVisible = 0;
			defaultConfigurationName = Release;
		};
		4FA1CDF42CD62A6B0027A90D /* Build configuration list for PBXNativeTarget "NewsApp" */ = {
			isa = XCConfigurationList;
			buildConfigurations = (
				4FA1CDF52CD62A6B0027A90D /* Debug */,
				4FA1CDF62CD62A6B0027A90D /* Release */,
			);
			defaultConfigurationIsVisible = 0;
			defaultConfigurationName = Release;
		};
		4FA1CDF72CD62A6B0027A90D /* Build configuration list for PBXNativeTarget "NewsAppTests" */ = {
			isa = XCConfigurationList;
			buildConfigurations = (
				4FA1CDF82CD62A6B0027A90D /* Debug */,
				4FA1CDF92CD62A6B0027A90D /* Release */,
			);
			defaultConfigurationIsVisible = 0;
			defaultConfigurationName = Release;
		};
		4FA1CDFA2CD62A6B0027A90D /* Build configuration list for PBXNativeTarget "NewsAppUITests" */ = {
			isa = XCConfigurationList;
			buildConfigurations = (
				4FA1CDFB2CD62A6B0027A90D /* Debug */,
				4FA1CDFC2CD62A6B0027A90D /* Release */,
			);
			defaultConfigurationIsVisible = 0;
			defaultConfigurationName = Release;
		};
/* End XCConfigurationList section */

/* Begin XCVersionGroup section */
		4FA1CDD32CD62A6A0027A90D /* NewsApp.xcdatamodeld */ = {
			isa = XCVersionGroup;
			children = (
				4FA1CDD42CD62A6A0027A90D /* NewsApp.xcdatamodel */,
			);
			currentVersion = 4FA1CDD42CD62A6A0027A90D /* NewsApp.xcdatamodel */;
			path = NewsApp.xcdatamodeld;
			sourceTree = "<group>";
			versionGroupType = wrapper.xcdatamodel;
		};
/* End XCVersionGroup section */
	};
	rootObject = 4FA1CDBF2CD62A6A0027A90D /* Project object */;
}
